
Microsoft Visual Studio Solution File, Format Version 12.00
Project("{FAE04EC0-301F-11D3-BF4B-00C04F79EFBC}") = "PAW_C6", "PAW_C6.csproj", "{468C6DD1-0824-4B65-B940-3A7EB7856C43}"
EndProject
Global
	GlobalSection(SolutionConfigurationPlatforms) = preSolution
		Debug|Any CPU = Debug|Any CPU
		Release|Any CPU = Release|Any CPU
	EndGlobalSection
	GlobalSection(ProjectConfigurationPlatforms) = postSolution
		{468C6DD1-0824-4B65-B940-3A7EB7856C43}.Debug|Any CPU.ActiveCfg = Debug|Any CPU
		{468C6DD1-0824-4B65-B940-3A7EB7856C43}.Debug|Any CPU.Build.0 = Debug|Any CPU
		{468C6DD1-0824-4B65-B940-3A7EB7856C43}.Release|Any CPU.ActiveCfg = Release|Any CPU
		{468C6DD1-0824-4B65-B940-3A7EB7856C43}.Release|Any CPU.Build.0 = Release|Any CPU
	EndGlobalSection
EndGlobal
