
Microsoft Visual Studio Solution File, Format Version 12.00
# Visual Studio Version 16
VisualStudioVersion = 16.0.30523.141
MinimumVisualStudioVersion = 10.0.40219.1
Project("{FAE04EC0-301F-11D3-BF4B-00C04F79EFBC}") = "PAW_C2test", "PAW_C2test.csproj", "{ED57382C-9090-4728-B55F-2ED2BD2D94C8}"
EndProject
Global
	GlobalSection(SolutionConfigurationPlatforms) = preSolution
		Debug|Any CPU = Debug|Any CPU
		Release|Any CPU = Release|Any CPU
	EndGlobalSection
	GlobalSection(ProjectConfigurationPlatforms) = postSolution
		{ED57382C-9090-4728-B55F-2ED2BD2D94C8}.Debug|Any CPU.ActiveCfg = Debug|Any CPU
		{ED57382C-9090-4728-B55F-2ED2BD2D94C8}.Debug|Any CPU.Build.0 = Debug|Any CPU
		{ED57382C-9090-4728-B55F-2ED2BD2D94C8}.Release|Any CPU.ActiveCfg = Release|Any CPU
		{ED57382C-9090-4728-B55F-2ED2BD2D94C8}.Release|Any CPU.Build.0 = Release|Any CPU
	EndGlobalSection
	GlobalSection(SolutionProperties) = preSolution
		HideSolutionNode = FALSE
	EndGlobalSection
	GlobalSection(ExtensibilityGlobals) = postSolution
		SolutionGuid = {5CCD4704-72F2-4933-A1F7-55FF722AC237}
	EndGlobalSection
EndGlobal
