
Microsoft Visual Studio Solution File, Format Version 12.00
Project("{FAE04EC0-301F-11D3-BF4B-00C04F79EFBC}") = "PAW_C5", "PAW_C5.csproj", "{AA14D817-D5A2-490A-9784-197DE1543F0A}"
EndProject
Global
	GlobalSection(SolutionConfigurationPlatforms) = preSolution
		Debug|Any CPU = Debug|Any CPU
		Release|Any CPU = Release|Any CPU
	EndGlobalSection
	GlobalSection(ProjectConfigurationPlatforms) = postSolution
		{AA14D817-D5A2-490A-9784-197DE1543F0A}.Debug|Any CPU.ActiveCfg = Debug|Any CPU
		{AA14D817-D5A2-490A-9784-197DE1543F0A}.Debug|Any CPU.Build.0 = Debug|Any CPU
		{AA14D817-D5A2-490A-9784-197DE1543F0A}.Release|Any CPU.ActiveCfg = Release|Any CPU
		{AA14D817-D5A2-490A-9784-197DE1543F0A}.Release|Any CPU.Build.0 = Release|Any CPU
	EndGlobalSection
EndGlobal
