
Microsoft Visual Studio Solution File, Format Version 12.00
# Visual Studio Version 16
VisualStudioVersion = 16.0.30523.141
MinimumVisualStudioVersion = 10.0.40219.1
Project("{FAE04EC0-301F-11D3-BF4B-00C04F79EFBC}") = "demo", "demo.csproj", "{92E3DFAE-2A88-45DE-9C34-B521E2E007A5}"
EndProject
Global
	GlobalSection(SolutionConfigurationPlatforms) = preSolution
		Debug|Any CPU = Debug|Any CPU
		Release|Any CPU = Release|Any CPU
	EndGlobalSection
	GlobalSection(ProjectConfigurationPlatforms) = postSolution
		{92E3DFAE-2A88-45DE-9C34-B521E2E007A5}.Debug|Any CPU.ActiveCfg = Debug|Any CPU
		{92E3DFAE-2A88-45DE-9C34-B521E2E007A5}.Debug|Any CPU.Build.0 = Debug|Any CPU
		{92E3DFAE-2A88-45DE-9C34-B521E2E007A5}.Release|Any CPU.ActiveCfg = Release|Any CPU
		{92E3DFAE-2A88-45DE-9C34-B521E2E007A5}.Release|Any CPU.Build.0 = Release|Any CPU
	EndGlobalSection
	GlobalSection(SolutionProperties) = preSolution
		HideSolutionNode = FALSE
	EndGlobalSection
	GlobalSection(ExtensibilityGlobals) = postSolution
		SolutionGuid = {18FA64B0-F5DC-486E-93AD-0FBF66ACF5EF}
	EndGlobalSection
EndGlobal
